
Microsoft Visual Studio Solution File, Format Version 12.00
# Visual Studio Version 17
VisualStudioVersion = 17.0.31903.59
MinimumVisualStudioVersion = 10.0.40219.1
Project("{9A19103F-16F7-4668-BE54-9A1E7A4F7556}") = "SFF.Lambdas", "SFF.Lambdas\SFF.Lambdas.csproj", "{D64A7347-0ECC-47AA-9A21-7F24A955FCB1}"
EndProject
Project("{9A19103F-16F7-4668-BE54-9A1E7A4F7556}") = "SFF.InfrastructureAsCode", "IAC\SFF.InfrastructureAsCode.csproj", "{4F4D7609-36B6-4A34-AC04-3A1791FF80B8}"
EndProject
Project("{2150E333-8FDC-42A3-9474-1A3956D46DE8}") = "Solution Items", "Solution Items", "{3DA99407-2C2A-4851-B5CF-5CFCA995C8DD}"
	ProjectSection(SolutionItems) = preProject
		.gitignore = .gitignore
		cdk.json = cdk.json
		Readme.md = Readme.md
	EndProjectSection
EndProject
Project("{FAE04EC0-301F-11D3-BF4B-00C04F79EFBC}") = "SSF.Core", "SSF.Core\SSF.Core.csproj", "{6AE741AD-D5CE-4F08-A245-62310D659697}"
EndProject
Project("{FAE04EC0-301F-11D3-BF4B-00C04F79EFBC}") = "SSF.Console", "SSF.Console\SSF.Console.csproj", "{D790C458-D548-4927-A526-B8AF8D1DA42C}"
EndProject
Global
	GlobalSection(SolutionConfigurationPlatforms) = preSolution
		Debug|Any CPU = Debug|Any CPU
		Release|Any CPU = Release|Any CPU
	EndGlobalSection
	GlobalSection(ProjectConfigurationPlatforms) = postSolution
		{D64A7347-0ECC-47AA-9A21-7F24A955FCB1}.Debug|Any CPU.ActiveCfg = Debug|Any CPU
		{D64A7347-0ECC-47AA-9A21-7F24A955FCB1}.Debug|Any CPU.Build.0 = Debug|Any CPU
		{D64A7347-0ECC-47AA-9A21-7F24A955FCB1}.Release|Any CPU.ActiveCfg = Release|Any CPU
		{D64A7347-0ECC-47AA-9A21-7F24A955FCB1}.Release|Any CPU.Build.0 = Release|Any CPU
		{4F4D7609-36B6-4A34-AC04-3A1791FF80B8}.Debug|Any CPU.ActiveCfg = Debug|Any CPU
		{4F4D7609-36B6-4A34-AC04-3A1791FF80B8}.Debug|Any CPU.Build.0 = Debug|Any CPU
		{4F4D7609-36B6-4A34-AC04-3A1791FF80B8}.Release|Any CPU.ActiveCfg = Release|Any CPU
		{4F4D7609-36B6-4A34-AC04-3A1791FF80B8}.Release|Any CPU.Build.0 = Release|Any CPU
		{6AE741AD-D5CE-4F08-A245-62310D659697}.Debug|Any CPU.ActiveCfg = Debug|Any CPU
		{6AE741AD-D5CE-4F08-A245-62310D659697}.Debug|Any CPU.Build.0 = Debug|Any CPU
		{6AE741AD-D5CE-4F08-A245-62310D659697}.Release|Any CPU.ActiveCfg = Release|Any CPU
		{6AE741AD-D5CE-4F08-A245-62310D659697}.Release|Any CPU.Build.0 = Release|Any CPU
		{D790C458-D548-4927-A526-B8AF8D1DA42C}.Debug|Any CPU.ActiveCfg = Debug|Any CPU
		{D790C458-D548-4927-A526-B8AF8D1DA42C}.Debug|Any CPU.Build.0 = Debug|Any CPU
		{D790C458-D548-4927-A526-B8AF8D1DA42C}.Release|Any CPU.ActiveCfg = Release|Any CPU
		{D790C458-D548-4927-A526-B8AF8D1DA42C}.Release|Any CPU.Build.0 = Release|Any CPU
	EndGlobalSection
	GlobalSection(SolutionProperties) = preSolution
		HideSolutionNode = FALSE
	EndGlobalSection
	GlobalSection(ExtensibilityGlobals) = postSolution
		SolutionGuid = {B9C5B4E5-4AD3-432C-9F7E-5ABE0543DD5D}
	EndGlobalSection
EndGlobal
